# This file was autogenerated by Stack.
# You should not edit this file by hand.
# For more information, please see the documentation at:
#   https://docs.haskellstack.org/en/stable/lock_files

packages:
- completed:
    subdir: beam-core
    cabal-file:
      size: 5044
      sha256: 7514a7b9cc092d7e890adf2ad08c1ea3c66ea5900e263b32ff0c55c31e01bac0
    name: beam-core
    version: 0.8.0.0
    git: https://github.com/tathougies/beam.git
    pantry-tree:
      size: 2768
      sha256: 341603452ba25539599400e589d5ce09fe17dcbd932ffb2787144d13ab008cc5
    commit: 737b73c6ec1c6aac6386bf9592a02a91f34a9478
  original:
    subdir: beam-core
    git: https://github.com/tathougies/beam.git
    commit: 737b73c6ec1c6aac6386bf9592a02a91f34a9478
- completed:
    subdir: beam-migrate
    cabal-file:
      size: 4920
      sha256: b9b1d290466ab16617dac94c481f9571a057d8a6816878a03c718a64e358b802
    name: beam-migrate
    version: 0.4.0.0
    git: https://github.com/tathougies/beam.git
    pantry-tree:
      size: 1898
      sha256: c4e526df44404c52e078958e35a7180c3bd9e6c53c9679490ed2f717f682321f
    commit: 737b73c6ec1c6aac6386bf9592a02a91f34a9478
  original:
    subdir: beam-migrate
    git: https://github.com/tathougies/beam.git
    commit: 737b73c6ec1c6aac6386bf9592a02a91f34a9478
- completed:
    subdir: beam-postgres
    cabal-file:
      size: 4173
      sha256: a01443ce503cfc58cbe28f476252672282347579444b65f2925a12ba6a2c13f5
    name: beam-postgres
    version: 0.4.0.0
    git: https://github.com/tathougies/beam.git
    pantry-tree:
      size: 2582
      sha256: 5d126b5a3f491f84a46c5f812396bcf64f1570c02e18071bedea29c67bfda43f
    commit: 737b73c6ec1c6aac6386bf9592a02a91f34a9478
  original:
    subdir: beam-postgres
    git: https://github.com/tathougies/beam.git
    commit: 737b73c6ec1c6aac6386bf9592a02a91f34a9478
- completed:
    cabal-file:
      size: 2908
      sha256: cd111c999f253f8985a8b223cc3e493b97cd82cc2fbb03779afe54590ce29738
    name: GS1Combinators
    version: 0.1.0.0
    git: https://github.com/data61/GS1Combinators.git
    pantry-tree:
      size: 8991
      sha256: 5c079cf09bfdce60cb82ac2454a30631b3565067a202dd5ea0351a95cb2edec7
    commit: 7f0f0c9c2ec6d91378ac56ba63de033fcc313326
  original:
    git: https://github.com/data61/GS1Combinators.git
    commit: 7f0f0c9c2ec6d91378ac56ba63de033fcc313326
snapshots:
- completed:
    size: 498398
    url: https://raw.githubusercontent.com/commercialhaskell/stackage-snapshots/master/lts/13/23.yaml
    sha256: 63151ca76f39d5cfbd266ce019236459fdda53fbefd2200aedeb33bcc81f808e
  original: lts-13.23
