# This file was autogenerated by Stack.
# You should not edit this file by hand.
# For more information, please see the documentation at:
#   https://docs.haskellstack.org/en/stable/lock_files

packages:
- completed:
    subdir: beam-core
    cabal-file:
      size: 4725
      sha256: 8b00c1a76fc13d252c7ab62cc965454b84cef1a0d4de62f63a05ac9208ea4520
    name: beam-core
    version: 0.7.2.1
    git: https://github.com/tathougies/beam.git
    pantry-tree:
      size: 2484
      sha256: 92688457a700af6f79b47bb4390b8ffd841082b6aebb3b6cb61e38766b214281
    commit: 2489a213cdee6341de46a3aa015c35067f4d6076
  original:
    subdir: beam-core
    git: https://github.com/tathougies/beam.git
    commit: 2489a213cdee6341de46a3aa015c35067f4d6076
- completed:
    subdir: beam-migrate
    cabal-file:
      size: 4794
      sha256: 820207aa9343cd664f045b0e8e2d6f2d1572e21c5c8101c3f183d461a5ebd46b
    name: beam-migrate
    version: 0.3.2.0
    git: https://github.com/tathougies/beam.git
    pantry-tree:
      size: 1898
      sha256: 470500d115188b66a8532cead6202868625f4ef775078f074c11774ffee4c6db
    commit: 2489a213cdee6341de46a3aa015c35067f4d6076
  original:
    subdir: beam-migrate
    git: https://github.com/tathougies/beam.git
    commit: 2489a213cdee6341de46a3aa015c35067f4d6076
- completed:
    subdir: beam-postgres
    cabal-file:
      size: 3176
      sha256: d22666212ad76f30f7682c0cb21304940efe782f959c6b6b76fe4719417cb8c9
    name: beam-postgres
    version: 0.3.2.1
    git: https://github.com/tathougies/beam.git
    pantry-tree:
      size: 1831
      sha256: aead477ca9c951bed53fa2285d8f091c3708df62d7bcc9a04cc7ce3449df3bdc
    commit: 2489a213cdee6341de46a3aa015c35067f4d6076
  original:
    subdir: beam-postgres
    git: https://github.com/tathougies/beam.git
    commit: 2489a213cdee6341de46a3aa015c35067f4d6076
- completed:
    cabal-file:
      size: 3341
      sha256: cefb02a35ec8c4db294a3600ca49481f4446ab4a49e1aea83e6663c980e39eaf
    name: jose
    version: 0.8.0.0
    git: https://github.com/sajidanower23/hs-jose.git
    pantry-tree:
      size: 2087
      sha256: 2011e6a1479b6e4172b33e8770266a63d10fd4b5fdcea468add2ccaae6eda5d3
    commit: d7aca4d13b27235af47d522b5d093e567750628e
  original:
    git: https://github.com/sajidanower23/hs-jose.git
    commit: d7aca4d13b27235af47d522b5d093e567750628e
- completed:
    cabal-file:
      size: 2908
      sha256: cd111c999f253f8985a8b223cc3e493b97cd82cc2fbb03779afe54590ce29738
    name: GS1Combinators
    version: 0.1.0.0
    git: https://github.com/data61/GS1Combinators.git
    pantry-tree:
      size: 8991
      sha256: 5c079cf09bfdce60cb82ac2454a30631b3565067a202dd5ea0351a95cb2edec7
    commit: 7f0f0c9c2ec6d91378ac56ba63de033fcc313326
  original:
    git: https://github.com/data61/GS1Combinators.git
    commit: 7f0f0c9c2ec6d91378ac56ba63de033fcc313326
- completed:
    hackage: servant-flatten-0.2@sha256:276896f7c5cdec5b8f8493f6205fded0cc602d050b58fdb09a6d7c85c3bb0837,1234
    pantry-tree:
      size: 325
      sha256: 04f12c7bef2c3f9a25d94eb9489752ed498db8e243069fe95838dbb51df1dcb3
  original:
    hackage: servant-flatten-0.2
- completed:
    hackage: hoist-error-0.2.1.0@sha256:25dba3c9472369f01defad260af30f3d585fb9e2c8775fe04e731a92bbbf7f29,1221
    pantry-tree:
      size: 281
      sha256: ff346e1dd120b16aa068f9a275b85a7c18d862c427d92959c7c42cf8f25b02fd
  original:
    hackage: hoist-error-0.2.1.0
snapshots:
- completed:
    size: 498398
    url: https://raw.githubusercontent.com/commercialhaskell/stackage-snapshots/master/lts/13/23.yaml
    sha256: 63151ca76f39d5cfbd266ce019236459fdda53fbefd2200aedeb33bcc81f808e
  original: lts-13.23
